
Microsoft Visual Studio Solution File, Format Version 12.00
# Visual Studio 15
Project("{FAE04EC0-301F-11D3-BF4B-00C04F79EFBC}") = "Assembly-CSharp", "Assembly-CSharp.csproj", "{9A72A0B9-1FEC-B26E-1A31-B9BDEE213D11}"
EndProject
Project("{FAE04EC0-301F-11D3-BF4B-00C04F79EFBC}") = "Assembly-CSharp-Editor", "Assembly-CSharp-Editor.csproj", "{B1C40755-02BA-347B-18E4-D73DA007CCF4}"
EndProject
Global
	GlobalSection(SolutionConfigurationPlatforms) = preSolution
		Debug|Any CPU = Debug|Any CPU
		Release|Any CPU = Release|Any CPU
	EndGlobalSection
	GlobalSection(ProjectConfigurationPlatforms) = postSolution
		{9A72A0B9-1FEC-B26E-1A31-B9BDEE213D11}.Debug|Any CPU.ActiveCfg = Debug|Any CPU
		{9A72A0B9-1FEC-B26E-1A31-B9BDEE213D11}.Debug|Any CPU.Build.0 = Debug|Any CPU
		{9A72A0B9-1FEC-B26E-1A31-B9BDEE213D11}.Release|Any CPU.ActiveCfg = Release|Any CPU
		{9A72A0B9-1FEC-B26E-1A31-B9BDEE213D11}.Release|Any CPU.Build.0 = Release|Any CPU
		{B1C40755-02BA-347B-18E4-D73DA007CCF4}.Debug|Any CPU.ActiveCfg = Debug|Any CPU
		{B1C40755-02BA-347B-18E4-D73DA007CCF4}.Debug|Any CPU.Build.0 = Debug|Any CPU
		{B1C40755-02BA-347B-18E4-D73DA007CCF4}.Release|Any CPU.ActiveCfg = Release|Any CPU
		{B1C40755-02BA-347B-18E4-D73DA007CCF4}.Release|Any CPU.Build.0 = Release|Any CPU
	EndGlobalSection
	GlobalSection(SolutionProperties) = preSolution
		HideSolutionNode = FALSE
	EndGlobalSection
EndGlobal
